
Microsoft Visual Studio Solution File, Format Version 12.00
# Visual Studio 15
VisualStudioVersion = 15.0.26124.0
MinimumVisualStudioVersion = 15.0.26124.0
Project("{FAE04EC0-301F-11D3-BF4B-00C04F79EFBC}") = "netcore-csv", "netcore-csv\netcore-csv.csproj", "{E5FCE201-53DD-4708-A861-1FAF0C7BD17C}"
EndProject
Project("{2150E333-8FDC-42A3-9474-1A3956D46DE8}") = "examples", "examples", "{280C614B-23C3-493A-ACD8-EE89C3F8146E}"
EndProject
Project("{FAE04EC0-301F-11D3-BF4B-00C04F79EFBC}") = "example-01", "examples\example-01\example-01.csproj", "{C7FA8520-63D6-4621-BD3B-00B8326C50F4}"
EndProject
Project("{FAE04EC0-301F-11D3-BF4B-00C04F79EFBC}") = "example-02", "examples\example-02\example-02.csproj", "{0886AFDF-B30B-4802-8670-910C8C2761DD}"
EndProject
Project("{FAE04EC0-301F-11D3-BF4B-00C04F79EFBC}") = "example-03", "examples\example-03\example-03.csproj", "{0C5B970B-A62E-4B6E-91FF-1A1F5420DBF7}"
EndProject
Global
	GlobalSection(SolutionConfigurationPlatforms) = preSolution
		Debug|Any CPU = Debug|Any CPU
		Debug|x64 = Debug|x64
		Debug|x86 = Debug|x86
		Release|Any CPU = Release|Any CPU
		Release|x64 = Release|x64
		Release|x86 = Release|x86
	EndGlobalSection
	GlobalSection(SolutionProperties) = preSolution
		HideSolutionNode = FALSE
	EndGlobalSection
	GlobalSection(ProjectConfigurationPlatforms) = postSolution
		{E5FCE201-53DD-4708-A861-1FAF0C7BD17C}.Debug|Any CPU.ActiveCfg = Debug|Any CPU
		{E5FCE201-53DD-4708-A861-1FAF0C7BD17C}.Debug|Any CPU.Build.0 = Debug|Any CPU
		{E5FCE201-53DD-4708-A861-1FAF0C7BD17C}.Debug|x64.ActiveCfg = Debug|Any CPU
		{E5FCE201-53DD-4708-A861-1FAF0C7BD17C}.Debug|x64.Build.0 = Debug|Any CPU
		{E5FCE201-53DD-4708-A861-1FAF0C7BD17C}.Debug|x86.ActiveCfg = Debug|Any CPU
		{E5FCE201-53DD-4708-A861-1FAF0C7BD17C}.Debug|x86.Build.0 = Debug|Any CPU
		{E5FCE201-53DD-4708-A861-1FAF0C7BD17C}.Release|Any CPU.ActiveCfg = Release|Any CPU
		{E5FCE201-53DD-4708-A861-1FAF0C7BD17C}.Release|Any CPU.Build.0 = Release|Any CPU
		{E5FCE201-53DD-4708-A861-1FAF0C7BD17C}.Release|x64.ActiveCfg = Release|Any CPU
		{E5FCE201-53DD-4708-A861-1FAF0C7BD17C}.Release|x64.Build.0 = Release|Any CPU
		{E5FCE201-53DD-4708-A861-1FAF0C7BD17C}.Release|x86.ActiveCfg = Release|Any CPU
		{E5FCE201-53DD-4708-A861-1FAF0C7BD17C}.Release|x86.Build.0 = Release|Any CPU
		{311A51E5-D617-4C32-91D2-2F9D8A93EAC6}.Debug|Any CPU.ActiveCfg = Debug|Any CPU
		{311A51E5-D617-4C32-91D2-2F9D8A93EAC6}.Debug|Any CPU.Build.0 = Debug|Any CPU
		{311A51E5-D617-4C32-91D2-2F9D8A93EAC6}.Debug|x64.ActiveCfg = Debug|Any CPU
		{311A51E5-D617-4C32-91D2-2F9D8A93EAC6}.Debug|x64.Build.0 = Debug|Any CPU
		{311A51E5-D617-4C32-91D2-2F9D8A93EAC6}.Debug|x86.ActiveCfg = Debug|Any CPU
		{311A51E5-D617-4C32-91D2-2F9D8A93EAC6}.Debug|x86.Build.0 = Debug|Any CPU
		{311A51E5-D617-4C32-91D2-2F9D8A93EAC6}.Release|Any CPU.ActiveCfg = Release|Any CPU
		{311A51E5-D617-4C32-91D2-2F9D8A93EAC6}.Release|Any CPU.Build.0 = Release|Any CPU
		{311A51E5-D617-4C32-91D2-2F9D8A93EAC6}.Release|x64.ActiveCfg = Release|Any CPU
		{311A51E5-D617-4C32-91D2-2F9D8A93EAC6}.Release|x64.Build.0 = Release|Any CPU
		{311A51E5-D617-4C32-91D2-2F9D8A93EAC6}.Release|x86.ActiveCfg = Release|Any CPU
		{311A51E5-D617-4C32-91D2-2F9D8A93EAC6}.Release|x86.Build.0 = Release|Any CPU
		{C7FA8520-63D6-4621-BD3B-00B8326C50F4}.Debug|Any CPU.ActiveCfg = Debug|Any CPU
		{C7FA8520-63D6-4621-BD3B-00B8326C50F4}.Debug|Any CPU.Build.0 = Debug|Any CPU
		{C7FA8520-63D6-4621-BD3B-00B8326C50F4}.Debug|x64.ActiveCfg = Debug|Any CPU
		{C7FA8520-63D6-4621-BD3B-00B8326C50F4}.Debug|x64.Build.0 = Debug|Any CPU
		{C7FA8520-63D6-4621-BD3B-00B8326C50F4}.Debug|x86.ActiveCfg = Debug|Any CPU
		{C7FA8520-63D6-4621-BD3B-00B8326C50F4}.Debug|x86.Build.0 = Debug|Any CPU
		{C7FA8520-63D6-4621-BD3B-00B8326C50F4}.Release|Any CPU.ActiveCfg = Release|Any CPU
		{C7FA8520-63D6-4621-BD3B-00B8326C50F4}.Release|Any CPU.Build.0 = Release|Any CPU
		{C7FA8520-63D6-4621-BD3B-00B8326C50F4}.Release|x64.ActiveCfg = Release|Any CPU
		{C7FA8520-63D6-4621-BD3B-00B8326C50F4}.Release|x64.Build.0 = Release|Any CPU
		{C7FA8520-63D6-4621-BD3B-00B8326C50F4}.Release|x86.ActiveCfg = Release|Any CPU
		{C7FA8520-63D6-4621-BD3B-00B8326C50F4}.Release|x86.Build.0 = Release|Any CPU
		{0886AFDF-B30B-4802-8670-910C8C2761DD}.Debug|Any CPU.ActiveCfg = Debug|Any CPU
		{0886AFDF-B30B-4802-8670-910C8C2761DD}.Debug|Any CPU.Build.0 = Debug|Any CPU
		{0886AFDF-B30B-4802-8670-910C8C2761DD}.Debug|x64.ActiveCfg = Debug|Any CPU
		{0886AFDF-B30B-4802-8670-910C8C2761DD}.Debug|x64.Build.0 = Debug|Any CPU
		{0886AFDF-B30B-4802-8670-910C8C2761DD}.Debug|x86.ActiveCfg = Debug|Any CPU
		{0886AFDF-B30B-4802-8670-910C8C2761DD}.Debug|x86.Build.0 = Debug|Any CPU
		{0886AFDF-B30B-4802-8670-910C8C2761DD}.Release|Any CPU.ActiveCfg = Release|Any CPU
		{0886AFDF-B30B-4802-8670-910C8C2761DD}.Release|Any CPU.Build.0 = Release|Any CPU
		{0886AFDF-B30B-4802-8670-910C8C2761DD}.Release|x64.ActiveCfg = Release|Any CPU
		{0886AFDF-B30B-4802-8670-910C8C2761DD}.Release|x64.Build.0 = Release|Any CPU
		{0886AFDF-B30B-4802-8670-910C8C2761DD}.Release|x86.ActiveCfg = Release|Any CPU
		{0886AFDF-B30B-4802-8670-910C8C2761DD}.Release|x86.Build.0 = Release|Any CPU
		{0C5B970B-A62E-4B6E-91FF-1A1F5420DBF7}.Debug|Any CPU.ActiveCfg = Debug|Any CPU
		{0C5B970B-A62E-4B6E-91FF-1A1F5420DBF7}.Debug|Any CPU.Build.0 = Debug|Any CPU
		{0C5B970B-A62E-4B6E-91FF-1A1F5420DBF7}.Debug|x64.ActiveCfg = Debug|Any CPU
		{0C5B970B-A62E-4B6E-91FF-1A1F5420DBF7}.Debug|x64.Build.0 = Debug|Any CPU
		{0C5B970B-A62E-4B6E-91FF-1A1F5420DBF7}.Debug|x86.ActiveCfg = Debug|Any CPU
		{0C5B970B-A62E-4B6E-91FF-1A1F5420DBF7}.Debug|x86.Build.0 = Debug|Any CPU
		{0C5B970B-A62E-4B6E-91FF-1A1F5420DBF7}.Release|Any CPU.ActiveCfg = Release|Any CPU
		{0C5B970B-A62E-4B6E-91FF-1A1F5420DBF7}.Release|Any CPU.Build.0 = Release|Any CPU
		{0C5B970B-A62E-4B6E-91FF-1A1F5420DBF7}.Release|x64.ActiveCfg = Release|Any CPU
		{0C5B970B-A62E-4B6E-91FF-1A1F5420DBF7}.Release|x64.Build.0 = Release|Any CPU
		{0C5B970B-A62E-4B6E-91FF-1A1F5420DBF7}.Release|x86.ActiveCfg = Release|Any CPU
		{0C5B970B-A62E-4B6E-91FF-1A1F5420DBF7}.Release|x86.Build.0 = Release|Any CPU
	EndGlobalSection
	GlobalSection(NestedProjects) = preSolution
		{C7FA8520-63D6-4621-BD3B-00B8326C50F4} = {280C614B-23C3-493A-ACD8-EE89C3F8146E}
		{0886AFDF-B30B-4802-8670-910C8C2761DD} = {280C614B-23C3-493A-ACD8-EE89C3F8146E}
		{0C5B970B-A62E-4B6E-91FF-1A1F5420DBF7} = {280C614B-23C3-493A-ACD8-EE89C3F8146E}
	EndGlobalSection
EndGlobal
